github.com/kballard/go-shellquote v0.0.0-20180428030007-95032a82bc51 h1:Z9n2FFNUXsshfwJMBgNA0RU6/i7WVaAegv3PtuIHPMs=
github.com/kballard/go-shellquote v0.0.0-20180428030007-95032a82bc51/go.mod h1:CzGEWj7cYgsdH8dAjBGEr58BoE7ScuLd+fwFZ44+/x8=
github.com/xorpaul/go-nagios v0.0.0-20150828095130-23a06a37a851 h1:0WAtJKvtDgf83PqbtydAZQKjh48R3ib5Q3Xg0fM/xkQ=
github.com/xorpaul/go-nagios v0.0.0-20150828095130-23a06a37a851/go.mod h1:QXaq0JgKGeXTSeS0a9XeuoahKdHaaVRfkuumVJQSSNo=
